
Microsoft Visual Studio Solution File, Format Version 12.00
# Visual Studio Version 17
VisualStudioVersion = 17.8.34330.188
MinimumVisualStudioVersion = 10.0.40219.1
Project("{FAE04EC0-301F-11D3-BF4B-00C04F79EFBC}") = "siteprogramcheck", "siteprogramcheck\siteprogramcheck.csproj", "{B2693C7B-B52A-4FA8-B513-A6037A7C22EF}"
EndProject
Global
	GlobalSection(SolutionConfigurationPlatforms) = preSolution
		Debug|Any CPU = Debug|Any CPU
		Release|Any CPU = Release|Any CPU
	EndGlobalSection
	GlobalSection(ProjectConfigurationPlatforms) = postSolution
		{B2693C7B-B52A-4FA8-B513-A6037A7C22EF}.Debug|Any CPU.ActiveCfg = Debug|Any CPU
		{B2693C7B-B52A-4FA8-B513-A6037A7C22EF}.Debug|Any CPU.Build.0 = Debug|Any CPU
		{B2693C7B-B52A-4FA8-B513-A6037A7C22EF}.Release|Any CPU.ActiveCfg = Release|Any CPU
		{B2693C7B-B52A-4FA8-B513-A6037A7C22EF}.Release|Any CPU.Build.0 = Release|Any CPU
	EndGlobalSection
	GlobalSection(SolutionProperties) = preSolution
		HideSolutionNode = FALSE
	EndGlobalSection
	GlobalSection(ExtensibilityGlobals) = postSolution
		SolutionGuid = {E2B5BC3D-4E1E-4F04-9F44-B390DD7D874A}
	EndGlobalSection
EndGlobal
